
Microsoft Visual Studio Solution File, Format Version 12.00
# Visual Studio Version 16
VisualStudioVersion = 16.0.31702.278
MinimumVisualStudioVersion = 10.0.40219.1
Project("{FAE04EC0-301F-11D3-BF4B-00C04F79EFBC}") = "KaratCoding", "KaratCoding\KaratCoding.csproj", "{2119D0D4-6736-41CA-8943-0C414F7BB250}"
EndProject
Global
	GlobalSection(SolutionConfigurationPlatforms) = preSolution
		Debug|Any CPU = Debug|Any CPU
		Release|Any CPU = Release|Any CPU
	EndGlobalSection
	GlobalSection(ProjectConfigurationPlatforms) = postSolution
		{2119D0D4-6736-41CA-8943-0C414F7BB250}.Debug|Any CPU.ActiveCfg = Debug|Any CPU
		{2119D0D4-6736-41CA-8943-0C414F7BB250}.Debug|Any CPU.Build.0 = Debug|Any CPU
		{2119D0D4-6736-41CA-8943-0C414F7BB250}.Release|Any CPU.ActiveCfg = Release|Any CPU
		{2119D0D4-6736-41CA-8943-0C414F7BB250}.Release|Any CPU.Build.0 = Release|Any CPU
	EndGlobalSection
	GlobalSection(SolutionProperties) = preSolution
		HideSolutionNode = FALSE
	EndGlobalSection
	GlobalSection(ExtensibilityGlobals) = postSolution
		SolutionGuid = {83A57066-B13B-4D13-A07A-CB7B88BACE4A}
	EndGlobalSection
EndGlobal
